
Microsoft Visual Studio Solution File, Format Version 12.00
# Visual Studio Version 16
VisualStudioVersion = 16.0.31205.134
MinimumVisualStudioVersion = 10.0.40219.1
Project("{FAE04EC0-301F-11D3-BF4B-00C04F79EFBC}") = "SampleWebApp", "SampleWebApp\SampleWebApp.csproj", "{22F96883-A100-4839-A889-5A9D2BD72D66}"
EndProject
Global
	GlobalSection(SolutionConfigurationPlatforms) = preSolution
		Debug|Any CPU = Debug|Any CPU
		Release|Any CPU = Release|Any CPU
	EndGlobalSection
	GlobalSection(ProjectConfigurationPlatforms) = postSolution
		{22F96883-A100-4839-A889-5A9D2BD72D66}.Debug|Any CPU.ActiveCfg = Debug|Any CPU
		{22F96883-A100-4839-A889-5A9D2BD72D66}.Debug|Any CPU.Build.0 = Debug|Any CPU
		{22F96883-A100-4839-A889-5A9D2BD72D66}.Release|Any CPU.ActiveCfg = Release|Any CPU
		{22F96883-A100-4839-A889-5A9D2BD72D66}.Release|Any CPU.Build.0 = Release|Any CPU
	EndGlobalSection
	GlobalSection(SolutionProperties) = preSolution
		HideSolutionNode = FALSE
	EndGlobalSection
	GlobalSection(ExtensibilityGlobals) = postSolution
		SolutionGuid = {88086932-0439-4A4D-A086-07674245586D}
	EndGlobalSection
EndGlobal
