
Microsoft Visual Studio Solution File, Format Version 12.00
# Visual Studio Version 16
VisualStudioVersion = 16.0.32407.337
MinimumVisualStudioVersion = 10.0.40219.1
Project("{FAE04EC0-301F-11D3-BF4B-00C04F79EFBC}") = "AzureStorageTable", "AzureStorageTable\AzureStorageTable.csproj", "{5176CB95-CDAD-441F-A61C-D2DAB6A2FED8}"
EndProject
Global
	GlobalSection(SolutionConfigurationPlatforms) = preSolution
		Debug|Any CPU = Debug|Any CPU
		Release|Any CPU = Release|Any CPU
	EndGlobalSection
	GlobalSection(ProjectConfigurationPlatforms) = postSolution
		{5176CB95-CDAD-441F-A61C-D2DAB6A2FED8}.Debug|Any CPU.ActiveCfg = Debug|Any CPU
		{5176CB95-CDAD-441F-A61C-D2DAB6A2FED8}.Debug|Any CPU.Build.0 = Debug|Any CPU
		{5176CB95-CDAD-441F-A61C-D2DAB6A2FED8}.Release|Any CPU.ActiveCfg = Release|Any CPU
		{5176CB95-CDAD-441F-A61C-D2DAB6A2FED8}.Release|Any CPU.Build.0 = Release|Any CPU
	EndGlobalSection
	GlobalSection(SolutionProperties) = preSolution
		HideSolutionNode = FALSE
	EndGlobalSection
	GlobalSection(ExtensibilityGlobals) = postSolution
		SolutionGuid = {43EC1BC9-B26B-408B-ACE5-8EC4CB289938}
	EndGlobalSection
EndGlobal
