
Microsoft Visual Studio Solution File, Format Version 12.00
# Visual Studio Version 16
VisualStudioVersion = 16.0.31321.278
MinimumVisualStudioVersion = 10.0.40219.1
Project("{FAE04EC0-301F-11D3-BF4B-00C04F79EFBC}") = "FeatureApp", "FeatureApp\FeatureApp.csproj", "{6F34A293-0E65-4EA0-8AEA-E1051A24FCFC}"
EndProject
Global
	GlobalSection(SolutionConfigurationPlatforms) = preSolution
		Debug|Any CPU = Debug|Any CPU
		Release|Any CPU = Release|Any CPU
	EndGlobalSection
	GlobalSection(ProjectConfigurationPlatforms) = postSolution
		{6F34A293-0E65-4EA0-8AEA-E1051A24FCFC}.Debug|Any CPU.ActiveCfg = Debug|Any CPU
		{6F34A293-0E65-4EA0-8AEA-E1051A24FCFC}.Debug|Any CPU.Build.0 = Debug|Any CPU
		{6F34A293-0E65-4EA0-8AEA-E1051A24FCFC}.Release|Any CPU.ActiveCfg = Release|Any CPU
		{6F34A293-0E65-4EA0-8AEA-E1051A24FCFC}.Release|Any CPU.Build.0 = Release|Any CPU
	EndGlobalSection
	GlobalSection(SolutionProperties) = preSolution
		HideSolutionNode = FALSE
	EndGlobalSection
	GlobalSection(ExtensibilityGlobals) = postSolution
		SolutionGuid = {A0D55051-94A7-4378-9886-1D12279BBF2B}
	EndGlobalSection
EndGlobal
