
Microsoft Visual Studio Solution File, Format Version 12.00
# Visual Studio Version 16
VisualStudioVersion = 16.0.29102.190
MinimumVisualStudioVersion = 10.0.40219.1
Project("{FAE04EC0-301F-11D3-BF4B-00C04F79EFBC}") = "BatchnewApp", "BatchnewApp\BatchnewApp.csproj", "{9940582A-692C-42D2-84CC-5121318B05E4}"
EndProject
Global
	GlobalSection(SolutionConfigurationPlatforms) = preSolution
		Debug|Any CPU = Debug|Any CPU
		Release|Any CPU = Release|Any CPU
	EndGlobalSection
	GlobalSection(ProjectConfigurationPlatforms) = postSolution
		{9940582A-692C-42D2-84CC-5121318B05E4}.Debug|Any CPU.ActiveCfg = Debug|Any CPU
		{9940582A-692C-42D2-84CC-5121318B05E4}.Debug|Any CPU.Build.0 = Debug|Any CPU
		{9940582A-692C-42D2-84CC-5121318B05E4}.Release|Any CPU.ActiveCfg = Release|Any CPU
		{9940582A-692C-42D2-84CC-5121318B05E4}.Release|Any CPU.Build.0 = Release|Any CPU
	EndGlobalSection
	GlobalSection(SolutionProperties) = preSolution
		HideSolutionNode = FALSE
	EndGlobalSection
	GlobalSection(ExtensibilityGlobals) = postSolution
		SolutionGuid = {5E7A2B65-E552-46B1-83F9-667FA227B645}
	EndGlobalSection
EndGlobal
