
Microsoft Visual Studio Solution File, Format Version 12.00
# Visual Studio Version 16
VisualStudioVersion = 16.0.32126.315
MinimumVisualStudioVersion = 10.0.40219.1
Project("{FAE04EC0-301F-11D3-BF4B-00C04F79EFBC}") = "BlobConatinerPro", "BlobConatinerPro\BlobConatinerPro.csproj", "{05F771F8-0566-4FC6-8EC1-438E14BED1E2}"
EndProject
Global
	GlobalSection(SolutionConfigurationPlatforms) = preSolution
		Debug|Any CPU = Debug|Any CPU
		Release|Any CPU = Release|Any CPU
	EndGlobalSection
	GlobalSection(ProjectConfigurationPlatforms) = postSolution
		{05F771F8-0566-4FC6-8EC1-438E14BED1E2}.Debug|Any CPU.ActiveCfg = Debug|Any CPU
		{05F771F8-0566-4FC6-8EC1-438E14BED1E2}.Debug|Any CPU.Build.0 = Debug|Any CPU
		{05F771F8-0566-4FC6-8EC1-438E14BED1E2}.Release|Any CPU.ActiveCfg = Release|Any CPU
		{05F771F8-0566-4FC6-8EC1-438E14BED1E2}.Release|Any CPU.Build.0 = Release|Any CPU
	EndGlobalSection
	GlobalSection(SolutionProperties) = preSolution
		HideSolutionNode = FALSE
	EndGlobalSection
	GlobalSection(ExtensibilityGlobals) = postSolution
		SolutionGuid = {15B306B9-E2C0-4313-8CAD-6052E1CFABE6}
	EndGlobalSection
EndGlobal
